{
  "pid": 210683,
  "version": "2.1.178",
  "jsonPath": "/home/nicholas-wood/.claude/daemon.json",
  "logPath": "/home/nicholas-wood/.claude/daemon.log",
  "startedAt": 1781560133916,
  "origin": "transient",
  "spawnedBy": {
    "label": "claude --bg",
    "cwd": "/home/nicholas-wood",
    "pid": 1562676
  },
  "procStart": "118952551",
  "launchTarget": "/home/nicholas-wood/.local/share/claude/versions/2.1.178"
}