{
  "pid": 889962,
  "version": "2.1.207",
  "jsonPath": "/home/nicholas-wood/.claude/daemon.json",
  "logPath": "/home/nicholas-wood/.claude/daemon.log",
  "startedAt": 1783947344479,
  "origin": "transient",
  "spawnedBy": {
    "label": "claude agents",
    "cwd": "/home/nicholas-wood/.claude",
    "pid": 841794
  },
  "procStart": "357673605",
  "launchTarget": "/home/nicholas-wood/.local/share/claude/versions/2.1.207"
}