{
  "pid": 3408681,
  "version": "2.1.196",
  "jsonPath": "/home/nicholas-wood/.claude/daemon.json",
  "logPath": "/home/nicholas-wood/.claude/daemon.log",
  "startedAt": 1782775760939,
  "origin": "transient",
  "spawnedBy": {
    "label": "claude agents",
    "cwd": "/home/nicholas-wood/.claude",
    "pid": 1630267
  },
  "procStart": "240515250",
  "launchTarget": "/home/nicholas-wood/.local/share/claude/versions/2.1.196"
}